
Microsoft Visual Studio Solution File, Format Version 12.00
# Visual Studio 14
VisualStudioVersion = 14.0.23107.0
MinimumVisualStudioVersion = 10.0.40219.1
Project("{FAE04EC0-301F-11D3-BF4B-00C04F79EFBC}") = "ThanhHuongSolution", "ThanhHuongSolution\ThanhHuongSolution.csproj", "{FC63B4AA-F13F-4D49-A0F4-03319CCE0C9A}"
EndProject
Project("{FAE04EC0-301F-11D3-BF4B-00C04F79EFBC}") = "ThanhHuongSolution.Common.Infrastructure", "ThanhHuongSolution.Common.Infrastrucure\ThanhHuongSolution.Common.Infrastructure.csproj", "{EF63555B-B10B-4854-BEA8-4FE45D69C438}"
EndProject
Project("{FAE04EC0-301F-11D3-BF4B-00C04F79EFBC}") = "ThanhHuongSolution.Common.LocResources", "ThanhHuongSolution.Common.LocResources\ThanhHuongSolution.Common.LocResources.csproj", "{3371514F-209B-477E-B2B3-874EBEEB536A}"
EndProject
Project("{2150E333-8FDC-42A3-9474-1A3956D46DE8}") = "Bounded-Contexts", "Bounded-Contexts", "{847E4D02-DB0A-418A-BFDD-F44EC16FEAA4}"
EndProject
Project("{2150E333-8FDC-42A3-9474-1A3956D46DE8}") = "CustomerManagement", "CustomerManagement", "{0E37549D-874C-4C45-AF01-8C9233CDC21E}"
EndProject
Project("{FAE04EC0-301F-11D3-BF4B-00C04F79EFBC}") = "ThanhHuongSolution.Customer.CompositionRoot", "ThanhHuongSolution.Customer.CompositionRoot\ThanhHuongSolution.Customer.CompositionRoot.csproj", "{5BE18A13-A499-47A3-8292-A1789CCE5BBF}"
EndProject
Project("{FAE04EC0-301F-11D3-BF4B-00C04F79EFBC}") = "ThanhHuongSolution.Customer.MongoDBDataAccess", "ThanhHuongSolution.Customer.MongoDBDataAccess\ThanhHuongSolution.Customer.MongoDBDataAccess.csproj", "{97481C14-21E9-4B3C-81F5-13D2FE590F7E}"
EndProject
Project("{FAE04EC0-301F-11D3-BF4B-00C04F79EFBC}") = "ThanhHuongSolution.Customer.Services", "ThanhHuongSolution.Customer.Services\ThanhHuongSolution.Customer.Services.csproj", "{DF001F5C-08DE-473F-AFCD-9675D301155F}"
EndProject
Project("{FAE04EC0-301F-11D3-BF4B-00C04F79EFBC}") = "ThanhHuongSolution.Customer.Handler", "ThanhHuongSolution.Customer.Handler\ThanhHuongSolution.Customer.Handler.csproj", "{A9C7C485-8340-4943-BE78-FA41B69B7FE5}"
EndProject
Project("{FAE04EC0-301F-11D3-BF4B-00C04F79EFBC}") = "ThanhHuongSolution.Customer.Domain", "ThanhHuongSolution.Customer.Domain\ThanhHuongSolution.Customer.Domain.csproj", "{4403B937-14F8-4CCE-AC7A-7FC7924876FB}"
EndProject
Project("{2150E333-8FDC-42A3-9474-1A3956D46DE8}") = "Shared", "Shared", "{63AF5B24-9B0B-43A9-87BC-7409C6572DED}"
EndProject
Project("{FAE04EC0-301F-11D3-BF4B-00C04F79EFBC}") = "ThanhHuongSolution.Customer.UnitTests", "ThanhHuongSolution.Customer.UnitTests\ThanhHuongSolution.Customer.UnitTests.csproj", "{DD3D2F5E-67F8-44B9-9F92-A20F5EFFA535}"
EndProject
Project("{FAE04EC0-301F-11D3-BF4B-00C04F79EFBC}") = "ConsoleApplication1", "ConsoleApplication1\ConsoleApplication1.csproj", "{DF2AE8C8-978D-42F8-A6A5-E41A0291BCEA}"
EndProject
Global
	GlobalSection(SolutionConfigurationPlatforms) = preSolution
		Debug|Any CPU = Debug|Any CPU
		Release|Any CPU = Release|Any CPU
	EndGlobalSection
	GlobalSection(ProjectConfigurationPlatforms) = postSolution
		{FC63B4AA-F13F-4D49-A0F4-03319CCE0C9A}.Debug|Any CPU.ActiveCfg = Debug|Any CPU
		{FC63B4AA-F13F-4D49-A0F4-03319CCE0C9A}.Debug|Any CPU.Build.0 = Debug|Any CPU
		{FC63B4AA-F13F-4D49-A0F4-03319CCE0C9A}.Release|Any CPU.ActiveCfg = Release|Any CPU
		{FC63B4AA-F13F-4D49-A0F4-03319CCE0C9A}.Release|Any CPU.Build.0 = Release|Any CPU
		{EF63555B-B10B-4854-BEA8-4FE45D69C438}.Debug|Any CPU.ActiveCfg = Debug|Any CPU
		{EF63555B-B10B-4854-BEA8-4FE45D69C438}.Debug|Any CPU.Build.0 = Debug|Any CPU
		{EF63555B-B10B-4854-BEA8-4FE45D69C438}.Release|Any CPU.ActiveCfg = Release|Any CPU
		{EF63555B-B10B-4854-BEA8-4FE45D69C438}.Release|Any CPU.Build.0 = Release|Any CPU
		{3371514F-209B-477E-B2B3-874EBEEB536A}.Debug|Any CPU.ActiveCfg = Debug|Any CPU
		{3371514F-209B-477E-B2B3-874EBEEB536A}.Debug|Any CPU.Build.0 = Debug|Any CPU
		{3371514F-209B-477E-B2B3-874EBEEB536A}.Release|Any CPU.ActiveCfg = Release|Any CPU
		{3371514F-209B-477E-B2B3-874EBEEB536A}.Release|Any CPU.Build.0 = Release|Any CPU
		{5BE18A13-A499-47A3-8292-A1789CCE5BBF}.Debug|Any CPU.ActiveCfg = Debug|Any CPU
		{5BE18A13-A499-47A3-8292-A1789CCE5BBF}.Debug|Any CPU.Build.0 = Debug|Any CPU
		{5BE18A13-A499-47A3-8292-A1789CCE5BBF}.Release|Any CPU.ActiveCfg = Release|Any CPU
		{5BE18A13-A499-47A3-8292-A1789CCE5BBF}.Release|Any CPU.Build.0 = Release|Any CPU
		{97481C14-21E9-4B3C-81F5-13D2FE590F7E}.Debug|Any CPU.ActiveCfg = Debug|Any CPU
		{97481C14-21E9-4B3C-81F5-13D2FE590F7E}.Debug|Any CPU.Build.0 = Debug|Any CPU
		{97481C14-21E9-4B3C-81F5-13D2FE590F7E}.Release|Any CPU.ActiveCfg = Release|Any CPU
		{97481C14-21E9-4B3C-81F5-13D2FE590F7E}.Release|Any CPU.Build.0 = Release|Any CPU
		{DF001F5C-08DE-473F-AFCD-9675D301155F}.Debug|Any CPU.ActiveCfg = Debug|Any CPU
		{DF001F5C-08DE-473F-AFCD-9675D301155F}.Debug|Any CPU.Build.0 = Debug|Any CPU
		{DF001F5C-08DE-473F-AFCD-9675D301155F}.Release|Any CPU.ActiveCfg = Release|Any CPU
		{DF001F5C-08DE-473F-AFCD-9675D301155F}.Release|Any CPU.Build.0 = Release|Any CPU
		{A9C7C485-8340-4943-BE78-FA41B69B7FE5}.Debug|Any CPU.ActiveCfg = Debug|Any CPU
		{A9C7C485-8340-4943-BE78-FA41B69B7FE5}.Debug|Any CPU.Build.0 = Debug|Any CPU
		{A9C7C485-8340-4943-BE78-FA41B69B7FE5}.Release|Any CPU.ActiveCfg = Release|Any CPU
		{A9C7C485-8340-4943-BE78-FA41B69B7FE5}.Release|Any CPU.Build.0 = Release|Any CPU
		{4403B937-14F8-4CCE-AC7A-7FC7924876FB}.Debug|Any CPU.ActiveCfg = Debug|Any CPU
		{4403B937-14F8-4CCE-AC7A-7FC7924876FB}.Debug|Any CPU.Build.0 = Debug|Any CPU
		{4403B937-14F8-4CCE-AC7A-7FC7924876FB}.Release|Any CPU.ActiveCfg = Release|Any CPU
		{4403B937-14F8-4CCE-AC7A-7FC7924876FB}.Release|Any CPU.Build.0 = Release|Any CPU
		{DD3D2F5E-67F8-44B9-9F92-A20F5EFFA535}.Debug|Any CPU.ActiveCfg = Debug|Any CPU
		{DD3D2F5E-67F8-44B9-9F92-A20F5EFFA535}.Debug|Any CPU.Build.0 = Debug|Any CPU
		{DD3D2F5E-67F8-44B9-9F92-A20F5EFFA535}.Release|Any CPU.ActiveCfg = Release|Any CPU
		{DD3D2F5E-67F8-44B9-9F92-A20F5EFFA535}.Release|Any CPU.Build.0 = Release|Any CPU
		{DF2AE8C8-978D-42F8-A6A5-E41A0291BCEA}.Debug|Any CPU.ActiveCfg = Debug|Any CPU
		{DF2AE8C8-978D-42F8-A6A5-E41A0291BCEA}.Debug|Any CPU.Build.0 = Debug|Any CPU
		{DF2AE8C8-978D-42F8-A6A5-E41A0291BCEA}.Release|Any CPU.ActiveCfg = Release|Any CPU
		{DF2AE8C8-978D-42F8-A6A5-E41A0291BCEA}.Release|Any CPU.Build.0 = Release|Any CPU
	EndGlobalSection
	GlobalSection(SolutionProperties) = preSolution
		HideSolutionNode = FALSE
	EndGlobalSection
	GlobalSection(NestedProjects) = preSolution
		{EF63555B-B10B-4854-BEA8-4FE45D69C438} = {63AF5B24-9B0B-43A9-87BC-7409C6572DED}
		{3371514F-209B-477E-B2B3-874EBEEB536A} = {63AF5B24-9B0B-43A9-87BC-7409C6572DED}
		{0E37549D-874C-4C45-AF01-8C9233CDC21E} = {847E4D02-DB0A-418A-BFDD-F44EC16FEAA4}
		{5BE18A13-A499-47A3-8292-A1789CCE5BBF} = {0E37549D-874C-4C45-AF01-8C9233CDC21E}
		{97481C14-21E9-4B3C-81F5-13D2FE590F7E} = {0E37549D-874C-4C45-AF01-8C9233CDC21E}
		{DF001F5C-08DE-473F-AFCD-9675D301155F} = {0E37549D-874C-4C45-AF01-8C9233CDC21E}
		{A9C7C485-8340-4943-BE78-FA41B69B7FE5} = {0E37549D-874C-4C45-AF01-8C9233CDC21E}
		{4403B937-14F8-4CCE-AC7A-7FC7924876FB} = {0E37549D-874C-4C45-AF01-8C9233CDC21E}
		{DD3D2F5E-67F8-44B9-9F92-A20F5EFFA535} = {0E37549D-874C-4C45-AF01-8C9233CDC21E}
		{DF2AE8C8-978D-42F8-A6A5-E41A0291BCEA} = {847E4D02-DB0A-418A-BFDD-F44EC16FEAA4}
	EndGlobalSection
EndGlobal
