
Microsoft Visual Studio Solution File, Format Version 12.00
# Visual Studio 14
VisualStudioVersion = 14.0.23107.0
MinimumVisualStudioVersion = 10.0.40219.1
Project("{FAE04EC0-301F-11D3-BF4B-00C04F79EFBC}") = "ThanhHuongSolution", "ThanhHuongSolution\ThanhHuongSolution.csproj", "{FC63B4AA-F13F-4D49-A0F4-03319CCE0C9A}"
	ProjectSection(ProjectDependencies) = postProject
		{2A7844B2-A8A6-4CE3-909D-812AA939D004} = {2A7844B2-A8A6-4CE3-909D-812AA939D004}
	EndProjectSection
EndProject
Project("{FAE04EC0-301F-11D3-BF4B-00C04F79EFBC}") = "ThanhHuongSolution.Common.Infrastructure", "ThanhHuongSolution.Common.Infrastrucure\ThanhHuongSolution.Common.Infrastructure.csproj", "{EF63555B-B10B-4854-BEA8-4FE45D69C438}"
EndProject
Project("{FAE04EC0-301F-11D3-BF4B-00C04F79EFBC}") = "ThanhHuongSolution.Common.LocResources", "ThanhHuongSolution.Common.LocResources\ThanhHuongSolution.Common.LocResources.csproj", "{3371514F-209B-477E-B2B3-874EBEEB536A}"
EndProject
Project("{2150E333-8FDC-42A3-9474-1A3956D46DE8}") = "Bounded-Contexts", "Bounded-Contexts", "{847E4D02-DB0A-418A-BFDD-F44EC16FEAA4}"
EndProject
Project("{2150E333-8FDC-42A3-9474-1A3956D46DE8}") = "CustomerManagement", "CustomerManagement", "{0E37549D-874C-4C45-AF01-8C9233CDC21E}"
EndProject
Project("{FAE04EC0-301F-11D3-BF4B-00C04F79EFBC}") = "ThanhHuongSolution.Customer.CompositionRoot", "ThanhHuongSolution.Customer.CompositionRoot\ThanhHuongSolution.Customer.CompositionRoot.csproj", "{5BE18A13-A499-47A3-8292-A1789CCE5BBF}"
EndProject
Project("{FAE04EC0-301F-11D3-BF4B-00C04F79EFBC}") = "ThanhHuongSolution.Customer.MongoDBDataAccess", "ThanhHuongSolution.Customer.MongoDBDataAccess\ThanhHuongSolution.Customer.MongoDBDataAccess.csproj", "{97481C14-21E9-4B3C-81F5-13D2FE590F7E}"
EndProject
Project("{FAE04EC0-301F-11D3-BF4B-00C04F79EFBC}") = "ThanhHuongSolution.Customer.Services", "ThanhHuongSolution.Customer.Services\ThanhHuongSolution.Customer.Services.csproj", "{DF001F5C-08DE-473F-AFCD-9675D301155F}"
EndProject
Project("{FAE04EC0-301F-11D3-BF4B-00C04F79EFBC}") = "ThanhHuongSolution.Customer.Handler", "ThanhHuongSolution.Customer.Handler\ThanhHuongSolution.Customer.Handler.csproj", "{A9C7C485-8340-4943-BE78-FA41B69B7FE5}"
EndProject
Project("{FAE04EC0-301F-11D3-BF4B-00C04F79EFBC}") = "ThanhHuongSolution.Customer.Domain", "ThanhHuongSolution.Customer.Domain\ThanhHuongSolution.Customer.Domain.csproj", "{4403B937-14F8-4CCE-AC7A-7FC7924876FB}"
EndProject
Project("{2150E333-8FDC-42A3-9474-1A3956D46DE8}") = "Shared", "Shared", "{63AF5B24-9B0B-43A9-87BC-7409C6572DED}"
EndProject
Project("{FAE04EC0-301F-11D3-BF4B-00C04F79EFBC}") = "ThanhHuongSolution.Customer.UnitTests", "ThanhHuongSolution.Customer.UnitTests\ThanhHuongSolution.Customer.UnitTests.csproj", "{DD3D2F5E-67F8-44B9-9F92-A20F5EFFA535}"
EndProject
Project("{FAE04EC0-301F-11D3-BF4B-00C04F79EFBC}") = "ThanhHuongSolution.Backend.BuildTrigger", "ThanhHuongSolution.Backend.BuildTrigger\ThanhHuongSolution.Backend.BuildTrigger.csproj", "{2A7844B2-A8A6-4CE3-909D-812AA939D004}"
EndProject
Project("{2150E333-8FDC-42A3-9474-1A3956D46DE8}") = "ProductManagement", "ProductManagement", "{40A33315-5D83-45E9-BE0B-9C817409DA59}"
EndProject
Project("{FAE04EC0-301F-11D3-BF4B-00C04F79EFBC}") = "ThanhHuongSolution.Product.CompositionRoot", "ThanhHuongSolution.Product.CompositionRoot\ThanhHuongSolution.Product.CompositionRoot.csproj", "{33BC65DE-A88E-4385-9163-0D9994130A06}"
EndProject
Project("{FAE04EC0-301F-11D3-BF4B-00C04F79EFBC}") = "ThanhHuongSolution.Product.Domain", "ThanhHuongSolution.Product.Domain\ThanhHuongSolution.Product.Domain.csproj", "{107C9144-3A8C-4069-A1AF-DDC4BFE95EB1}"
EndProject
Project("{FAE04EC0-301F-11D3-BF4B-00C04F79EFBC}") = "ThanhHuongSolution.Product.Handler", "ThanhHuongSolution.Product.Handler\ThanhHuongSolution.Product.Handler.csproj", "{ED6189D5-CC35-46F6-BDEE-48B8845C927D}"
EndProject
Project("{FAE04EC0-301F-11D3-BF4B-00C04F79EFBC}") = "ThanhHuongSolution.Product.MongoDBDataAccess", "ThanhHuongSolution.Product.MongoDBDataAccess\ThanhHuongSolution.Product.MongoDBDataAccess.csproj", "{E4011294-8A99-464E-8C4C-414A0202691E}"
EndProject
Project("{FAE04EC0-301F-11D3-BF4B-00C04F79EFBC}") = "ThanhHuongSolution.Product.Services", "ThanhHuongSolution.Product.Services\ThanhHuongSolution.Product.Services.csproj", "{69431BC7-0FC2-4C78-AE1C-CF30296BE434}"
EndProject
Global
	GlobalSection(SolutionConfigurationPlatforms) = preSolution
		Debug|Any CPU = Debug|Any CPU
		Release|Any CPU = Release|Any CPU
	EndGlobalSection
	GlobalSection(ProjectConfigurationPlatforms) = postSolution
		{FC63B4AA-F13F-4D49-A0F4-03319CCE0C9A}.Debug|Any CPU.ActiveCfg = Debug|Any CPU
		{FC63B4AA-F13F-4D49-A0F4-03319CCE0C9A}.Debug|Any CPU.Build.0 = Debug|Any CPU
		{FC63B4AA-F13F-4D49-A0F4-03319CCE0C9A}.Release|Any CPU.ActiveCfg = Release|Any CPU
		{FC63B4AA-F13F-4D49-A0F4-03319CCE0C9A}.Release|Any CPU.Build.0 = Release|Any CPU
		{EF63555B-B10B-4854-BEA8-4FE45D69C438}.Debug|Any CPU.ActiveCfg = Debug|Any CPU
		{EF63555B-B10B-4854-BEA8-4FE45D69C438}.Debug|Any CPU.Build.0 = Debug|Any CPU
		{EF63555B-B10B-4854-BEA8-4FE45D69C438}.Release|Any CPU.ActiveCfg = Release|Any CPU
		{EF63555B-B10B-4854-BEA8-4FE45D69C438}.Release|Any CPU.Build.0 = Release|Any CPU
		{3371514F-209B-477E-B2B3-874EBEEB536A}.Debug|Any CPU.ActiveCfg = Debug|Any CPU
		{3371514F-209B-477E-B2B3-874EBEEB536A}.Debug|Any CPU.Build.0 = Debug|Any CPU
		{3371514F-209B-477E-B2B3-874EBEEB536A}.Release|Any CPU.ActiveCfg = Release|Any CPU
		{3371514F-209B-477E-B2B3-874EBEEB536A}.Release|Any CPU.Build.0 = Release|Any CPU
		{5BE18A13-A499-47A3-8292-A1789CCE5BBF}.Debug|Any CPU.ActiveCfg = Debug|Any CPU
		{5BE18A13-A499-47A3-8292-A1789CCE5BBF}.Debug|Any CPU.Build.0 = Debug|Any CPU
		{5BE18A13-A499-47A3-8292-A1789CCE5BBF}.Release|Any CPU.ActiveCfg = Release|Any CPU
		{5BE18A13-A499-47A3-8292-A1789CCE5BBF}.Release|Any CPU.Build.0 = Release|Any CPU
		{97481C14-21E9-4B3C-81F5-13D2FE590F7E}.Debug|Any CPU.ActiveCfg = Debug|Any CPU
		{97481C14-21E9-4B3C-81F5-13D2FE590F7E}.Debug|Any CPU.Build.0 = Debug|Any CPU
		{97481C14-21E9-4B3C-81F5-13D2FE590F7E}.Release|Any CPU.ActiveCfg = Release|Any CPU
		{97481C14-21E9-4B3C-81F5-13D2FE590F7E}.Release|Any CPU.Build.0 = Release|Any CPU
		{DF001F5C-08DE-473F-AFCD-9675D301155F}.Debug|Any CPU.ActiveCfg = Debug|Any CPU
		{DF001F5C-08DE-473F-AFCD-9675D301155F}.Debug|Any CPU.Build.0 = Debug|Any CPU
		{DF001F5C-08DE-473F-AFCD-9675D301155F}.Release|Any CPU.ActiveCfg = Release|Any CPU
		{DF001F5C-08DE-473F-AFCD-9675D301155F}.Release|Any CPU.Build.0 = Release|Any CPU
		{A9C7C485-8340-4943-BE78-FA41B69B7FE5}.Debug|Any CPU.ActiveCfg = Debug|Any CPU
		{A9C7C485-8340-4943-BE78-FA41B69B7FE5}.Debug|Any CPU.Build.0 = Debug|Any CPU
		{A9C7C485-8340-4943-BE78-FA41B69B7FE5}.Release|Any CPU.ActiveCfg = Release|Any CPU
		{A9C7C485-8340-4943-BE78-FA41B69B7FE5}.Release|Any CPU.Build.0 = Release|Any CPU
		{4403B937-14F8-4CCE-AC7A-7FC7924876FB}.Debug|Any CPU.ActiveCfg = Debug|Any CPU
		{4403B937-14F8-4CCE-AC7A-7FC7924876FB}.Debug|Any CPU.Build.0 = Debug|Any CPU
		{4403B937-14F8-4CCE-AC7A-7FC7924876FB}.Release|Any CPU.ActiveCfg = Release|Any CPU
		{4403B937-14F8-4CCE-AC7A-7FC7924876FB}.Release|Any CPU.Build.0 = Release|Any CPU
		{DD3D2F5E-67F8-44B9-9F92-A20F5EFFA535}.Debug|Any CPU.ActiveCfg = Debug|Any CPU
		{DD3D2F5E-67F8-44B9-9F92-A20F5EFFA535}.Debug|Any CPU.Build.0 = Debug|Any CPU
		{DD3D2F5E-67F8-44B9-9F92-A20F5EFFA535}.Release|Any CPU.ActiveCfg = Release|Any CPU
		{DD3D2F5E-67F8-44B9-9F92-A20F5EFFA535}.Release|Any CPU.Build.0 = Release|Any CPU
		{2A7844B2-A8A6-4CE3-909D-812AA939D004}.Debug|Any CPU.ActiveCfg = Debug|Any CPU
		{2A7844B2-A8A6-4CE3-909D-812AA939D004}.Debug|Any CPU.Build.0 = Debug|Any CPU
		{2A7844B2-A8A6-4CE3-909D-812AA939D004}.Release|Any CPU.ActiveCfg = Release|Any CPU
		{2A7844B2-A8A6-4CE3-909D-812AA939D004}.Release|Any CPU.Build.0 = Release|Any CPU
		{33BC65DE-A88E-4385-9163-0D9994130A06}.Debug|Any CPU.ActiveCfg = Debug|Any CPU
		{33BC65DE-A88E-4385-9163-0D9994130A06}.Debug|Any CPU.Build.0 = Debug|Any CPU
		{33BC65DE-A88E-4385-9163-0D9994130A06}.Release|Any CPU.ActiveCfg = Release|Any CPU
		{33BC65DE-A88E-4385-9163-0D9994130A06}.Release|Any CPU.Build.0 = Release|Any CPU
		{107C9144-3A8C-4069-A1AF-DDC4BFE95EB1}.Debug|Any CPU.ActiveCfg = Debug|Any CPU
		{107C9144-3A8C-4069-A1AF-DDC4BFE95EB1}.Debug|Any CPU.Build.0 = Debug|Any CPU
		{107C9144-3A8C-4069-A1AF-DDC4BFE95EB1}.Release|Any CPU.ActiveCfg = Release|Any CPU
		{107C9144-3A8C-4069-A1AF-DDC4BFE95EB1}.Release|Any CPU.Build.0 = Release|Any CPU
		{ED6189D5-CC35-46F6-BDEE-48B8845C927D}.Debug|Any CPU.ActiveCfg = Debug|Any CPU
		{ED6189D5-CC35-46F6-BDEE-48B8845C927D}.Debug|Any CPU.Build.0 = Debug|Any CPU
		{ED6189D5-CC35-46F6-BDEE-48B8845C927D}.Release|Any CPU.ActiveCfg = Release|Any CPU
		{ED6189D5-CC35-46F6-BDEE-48B8845C927D}.Release|Any CPU.Build.0 = Release|Any CPU
		{E4011294-8A99-464E-8C4C-414A0202691E}.Debug|Any CPU.ActiveCfg = Debug|Any CPU
		{E4011294-8A99-464E-8C4C-414A0202691E}.Debug|Any CPU.Build.0 = Debug|Any CPU
		{E4011294-8A99-464E-8C4C-414A0202691E}.Release|Any CPU.ActiveCfg = Release|Any CPU
		{E4011294-8A99-464E-8C4C-414A0202691E}.Release|Any CPU.Build.0 = Release|Any CPU
		{69431BC7-0FC2-4C78-AE1C-CF30296BE434}.Debug|Any CPU.ActiveCfg = Debug|Any CPU
		{69431BC7-0FC2-4C78-AE1C-CF30296BE434}.Debug|Any CPU.Build.0 = Debug|Any CPU
		{69431BC7-0FC2-4C78-AE1C-CF30296BE434}.Release|Any CPU.ActiveCfg = Release|Any CPU
		{69431BC7-0FC2-4C78-AE1C-CF30296BE434}.Release|Any CPU.Build.0 = Release|Any CPU
	EndGlobalSection
	GlobalSection(SolutionProperties) = preSolution
		HideSolutionNode = FALSE
	EndGlobalSection
	GlobalSection(NestedProjects) = preSolution
		{EF63555B-B10B-4854-BEA8-4FE45D69C438} = {63AF5B24-9B0B-43A9-87BC-7409C6572DED}
		{3371514F-209B-477E-B2B3-874EBEEB536A} = {63AF5B24-9B0B-43A9-87BC-7409C6572DED}
		{0E37549D-874C-4C45-AF01-8C9233CDC21E} = {847E4D02-DB0A-418A-BFDD-F44EC16FEAA4}
		{5BE18A13-A499-47A3-8292-A1789CCE5BBF} = {0E37549D-874C-4C45-AF01-8C9233CDC21E}
		{97481C14-21E9-4B3C-81F5-13D2FE590F7E} = {0E37549D-874C-4C45-AF01-8C9233CDC21E}
		{DF001F5C-08DE-473F-AFCD-9675D301155F} = {0E37549D-874C-4C45-AF01-8C9233CDC21E}
		{A9C7C485-8340-4943-BE78-FA41B69B7FE5} = {0E37549D-874C-4C45-AF01-8C9233CDC21E}
		{4403B937-14F8-4CCE-AC7A-7FC7924876FB} = {0E37549D-874C-4C45-AF01-8C9233CDC21E}
		{DD3D2F5E-67F8-44B9-9F92-A20F5EFFA535} = {0E37549D-874C-4C45-AF01-8C9233CDC21E}
		{40A33315-5D83-45E9-BE0B-9C817409DA59} = {847E4D02-DB0A-418A-BFDD-F44EC16FEAA4}
		{33BC65DE-A88E-4385-9163-0D9994130A06} = {40A33315-5D83-45E9-BE0B-9C817409DA59}
		{107C9144-3A8C-4069-A1AF-DDC4BFE95EB1} = {40A33315-5D83-45E9-BE0B-9C817409DA59}
		{ED6189D5-CC35-46F6-BDEE-48B8845C927D} = {40A33315-5D83-45E9-BE0B-9C817409DA59}
		{E4011294-8A99-464E-8C4C-414A0202691E} = {40A33315-5D83-45E9-BE0B-9C817409DA59}
		{69431BC7-0FC2-4C78-AE1C-CF30296BE434} = {40A33315-5D83-45E9-BE0B-9C817409DA59}
	EndGlobalSection
EndGlobal
